[[package]]
name = "aiofile"
version = "3.8.1"
description = "Asynchronous file operations."
category = "main"
optional = false
python-versions = ">=3.7, <4"

[package.dependencies]
caio = ">=0.9.0,<0.10.0"

[package.extras]
develop = ["aiomisc", "pytest", "pytest-cov"]

[[package]]
name = "aiopath"
version = "0.6.11"
description = "📁 Async pathlib for Python"
category = "main"
optional = false
python-versions = ">=3.10"

[package.dependencies]
aiofile = ">=3.5.0,<4"
anyio = ">=3.2.0,<4"

[[package]]
name = "aioshutil"
version = "1.2"
description = "Asynchronous shutil module."
category = "main"
optional = false
python-versions = ">=3.8"

[[package]]
name = "anyio"
version = "3.6.2"
description = "High level compatibility layer for multiple asynchronous event loop implementations"
category = "main"
optional = false
python-versions = ">=3.6.2"

[package.dependencies]
idna = ">=2.8"
sniffio = ">=1.1"

[package.extras]
doc = ["packaging", "sphinx-autodoc-typehints (>=1.2.0)", "sphinx-rtd-theme"]
test = ["contextlib2", "coverage[toml] (>=4.5)", "hypothesis (>=4.0)", "mock (>=4)", "pytest (>=7.0)", "pytest-mock (>=3.6.1)", "trustme", "uvloop (<0.15)", "uvloop (>=0.15)"]
trio = ["trio (>=0.16,<0.22)"]

[[package]]
name = "caio"
version = "0.9.8"
description = "Asynchronous file IO for Linux MacOS or Windows."
category = "main"
optional = false
python-versions = ">=3.5, <4"

[package.extras]
develop = ["aiomisc", "pytest", "pytest-cov"]

[[package]]
name = "idna"
version = "3.4"
description = "Internationalized Domain Names in Applications (IDNA)"
category = "main"
optional = false
python-versions = ">=3.5"

[[package]]
name = "sniffio"
version = "1.3.0"
description = "Sniff out which async library your code is running under"
category = "main"
optional = false
python-versions = ">=3.7"

[metadata]
lock-version = "1.1"
python-versions = "^3.10"
content-hash = "ff0ae13ff33f04124275c276c2ebd3aa1925dfd590677b8ba21250912fa1c54e"

[metadata.files]
aiofile = [
    {file = "aiofile-3.8.1.tar.gz", hash = "sha256:1623b98d88fbd16bbd2808d010de4e185a700e950ed3f17455dd851aa2455f40"},
]
aiopath = [
    {file = "aiopath-0.6.11-py2.py3-none-any.whl", hash = "sha256:7b1f1aa3acb422050908ac3c4755b5e43f625111be003f1bfc7dc2193027c45d"},
    {file = "aiopath-0.6.11.tar.gz", hash = "sha256:2f0d4d9195281612c6508cbfa12ac3184c31540d13b9e6215a325897da59decd"},
]
aioshutil = [
    {file = "aioshutil-1.2-py3-none-any.whl", hash = "sha256:64877f8fd2e819077e3e41f169267f89a1a2047af00ba6e569c8a79bf464f435"},
    {file = "aioshutil-1.2.tar.gz", hash = "sha256:ce3a69a1882cf930a650d23843bbcbea32559600ef1638f5ba0c0fa35fc345ac"},
]
anyio = [
    {file = "anyio-3.6.2-py3-none-any.whl", hash = "sha256:fbbe32bd270d2a2ef3ed1c5d45041250284e31fc0a4df4a5a6071842051a51e3"},
    {file = "anyio-3.6.2.tar.gz", hash = "sha256:25ea0d673ae30af41a0c442f81cf3b38c7e79fdc7b60335a4c14e05eb0947421"},
]
caio = [
    {file = "caio-0.9.8-cp310-cp310-macosx_10_15_x86_64.whl", hash = "sha256:e9969edea88caf2d38059fe7164d1271f8ba6d94d39e890a9bdbabca483a9a19"},
    {file = "caio-0.9.8-cp310-cp310-manylinux_2_12_x86_64.manylinux2010_x86_64.whl", hash = "sha256:38a30e7e0184b45a54fbc757ac3e1a2b8eb9c41f362d2f4bf5854d50bff73c6d"},
    {file = "caio-0.9.8-cp37-cp37m-macosx_10_15_x86_64.whl", hash = "sha256:7275e5ca3a4960d40ca509ed19d7d23ea0156dbb4ac5834cf08724c989f8be24"},
    {file = "caio-0.9.8-cp37-cp37m-manylinux_2_12_x86_64.manylinux2010_x86_64.whl", hash = "sha256:2316252dbb16195b0292a5dd665901966c080001d0ceed8540f98c073b921b0c"},
    {file = "caio-0.9.8-cp38-cp38-macosx_10_15_x86_64.whl", hash = "sha256:d29709f5ff9582d00ebed37327f14e247eedf33e18d4b35a6af6ab30cc8df9b7"},
    {file = "caio-0.9.8-cp38-cp38-manylinux_2_12_x86_64.manylinux2010_x86_64.whl", hash = "sha256:65395113a506efb605d90c75438686718c1d4784bc029e04d235adcf5d5d3a39"},
    {file = "caio-0.9.8-cp39-cp39-macosx_10_15_x86_64.whl", hash = "sha256:f748b0605b9b95bfa58c81a5373555d4c82228f9b3dfd608de706a906fe703f9"},
    {file = "caio-0.9.8-cp39-cp39-manylinux_2_12_x86_64.manylinux2010_x86_64.whl", hash = "sha256:0ab003c48679d00b83992d68012c1126e4b91d6c27d16f363d0e5c9a499898e9"},
    {file = "caio-0.9.8-py3-none-any.whl", hash = "sha256:c3704fba1781c252d5dcfce4e81dc5af2d50a61062f00fc74dd252a419af8918"},
    {file = "caio-0.9.8.tar.gz", hash = "sha256:70c9556dc003df1e3ea8dca5cc32ef0bb9213cfbc5a2b80003ba37018689326f"},
]
idna = [
    {file = "idna-3.4-py3-none-any.whl", hash = "sha256:90b77e79eaa3eba6de819a0c442c0b4ceefc341a7a2ab77d7562bf49f425c5c2"},
    {file = "idna-3.4.tar.gz", hash = "sha256:814f528e8dead7d329833b91c5faa87d60bf71824cd12a7530b5526063d02cb4"},
]
sniffio = [
    {file = "sniffio-1.3.0-py3-none-any.whl", hash = "sha256:eecefdce1e5bbfb7ad2eeaabf7c1eeb404d7757c379bd1f7e5cce9d8bf425384"},
    {file = "sniffio-1.3.0.tar.gz", hash = "sha256:e60305c5e5d314f5389259b7f22aaa33d8f7dee49763119234af3755c55b9101"},
]
